
Microsoft Visual Studio Solution File, Format Version 12.00
# Visual Studio 15
VisualStudioVersion = 15.0.27703.2035
MinimumVisualStudioVersion = 10.0.40219.1
Project("{9A19103F-16F7-4668-BE54-9A1E7A4F7556}") = "spliter", "spliter.csproj", "{2E2AAB1F-C0F4-43B7-89BF-8F819313A23F}"
EndProject
Project("{9A19103F-16F7-4668-BE54-9A1E7A4F7556}") = "spliter.tests", "..\spliter.tests\spliter.tests.csproj", "{19929C09-5A58-474E-AC63-439C1E3BFF01}"
EndProject
Global
	GlobalSection(SolutionConfigurationPlatforms) = preSolution
		Debug|Any CPU = Debug|Any CPU
		Release|Any CPU = Release|Any CPU
	EndGlobalSection
	GlobalSection(ProjectConfigurationPlatforms) = postSolution
		{2E2AAB1F-C0F4-43B7-89BF-8F819313A23F}.Debug|Any CPU.ActiveCfg = Debug|Any CPU
		{2E2AAB1F-C0F4-43B7-89BF-8F819313A23F}.Debug|Any CPU.Build.0 = Debug|Any CPU
		{2E2AAB1F-C0F4-43B7-89BF-8F819313A23F}.Release|Any CPU.ActiveCfg = Release|Any CPU
		{2E2AAB1F-C0F4-43B7-89BF-8F819313A23F}.Release|Any CPU.Build.0 = Release|Any CPU
		{19929C09-5A58-474E-AC63-439C1E3BFF01}.Debug|Any CPU.ActiveCfg = Debug|Any CPU
		{19929C09-5A58-474E-AC63-439C1E3BFF01}.Debug|Any CPU.Build.0 = Debug|Any CPU
		{19929C09-5A58-474E-AC63-439C1E3BFF01}.Release|Any CPU.ActiveCfg = Release|Any CPU
		{19929C09-5A58-474E-AC63-439C1E3BFF01}.Release|Any CPU.Build.0 = Release|Any CPU
	EndGlobalSection
	GlobalSection(SolutionProperties) = preSolution
		HideSolutionNode = FALSE
	EndGlobalSection
	GlobalSection(ExtensibilityGlobals) = postSolution
		SolutionGuid = {E4F0B6F3-9221-4A88-BC17-ED6F7F41CD8F}
	EndGlobalSection
EndGlobal
